
Microsoft Visual Studio Solution File, Format Version 12.00
# Visual Studio 15
VisualStudioVersion = 15.0.28307.902
MinimumVisualStudioVersion = 10.0.40219.1
Project("{8BC9CEB8-8B4A-11D0-8D11-00A0C91BC942}") = "Direct3D11Demos", "Direct3D11Demos\Direct3D11Demos.vcxproj", "{C4CBFEEE-45FF-400E-B8E7-B5F6FB0A49AD}"
EndProject
Project("{8BC9CEB8-8B4A-11D0-8D11-00A0C91BC942}") = "Texture2D", "Texture2D\Texture2D.vcxproj", "{69B42D7A-1D0B-4ED1-BD15-7D8A2D310851}"
EndProject
Project("{8BC9CEB8-8B4A-11D0-8D11-00A0C91BC942}") = "TriangleDx11", "TriangleDx11\TriangleDx11.vcxproj", "{6BE31F75-E9ED-4574-826C-A94661B66433}"
EndProject
Project("{8BC9CEB8-8B4A-11D0-8D11-00A0C91BC942}") = "GameSprites", "GameSprites\GameSprites.vcxproj", "{B89EEBED-937C-4846-89EB-1ADE8E3FD0D3}"
EndProject
Project("{8BC9CEB8-8B4A-11D0-8D11-00A0C91BC942}") = "Mouse", "Mouse\Mouse.vcxproj", "{02EC97A7-985E-4482-86B5-DB7C4AD88B78}"
EndProject
Project("{8BC9CEB8-8B4A-11D0-8D11-00A0C91BC942}") = "ArcBallCamera", "ArcBallCamera\ArcBallCamera.vcxproj", "{C301259F-10A5-4513-9DCA-EFD2A7D07661}"
EndProject
Global
	GlobalSection(SolutionConfigurationPlatforms) = preSolution
		Debug|x64 = Debug|x64
		Debug|x86 = Debug|x86
		Release|x64 = Release|x64
		Release|x86 = Release|x86
	EndGlobalSection
	GlobalSection(ProjectConfigurationPlatforms) = postSolution
		{C4CBFEEE-45FF-400E-B8E7-B5F6FB0A49AD}.Debug|x64.ActiveCfg = Debug|x64
		{C4CBFEEE-45FF-400E-B8E7-B5F6FB0A49AD}.Debug|x64.Build.0 = Debug|x64
		{C4CBFEEE-45FF-400E-B8E7-B5F6FB0A49AD}.Debug|x86.ActiveCfg = Debug|Win32
		{C4CBFEEE-45FF-400E-B8E7-B5F6FB0A49AD}.Debug|x86.Build.0 = Debug|Win32
		{C4CBFEEE-45FF-400E-B8E7-B5F6FB0A49AD}.Release|x64.ActiveCfg = Release|x64
		{C4CBFEEE-45FF-400E-B8E7-B5F6FB0A49AD}.Release|x64.Build.0 = Release|x64
		{C4CBFEEE-45FF-400E-B8E7-B5F6FB0A49AD}.Release|x86.ActiveCfg = Release|Win32
		{C4CBFEEE-45FF-400E-B8E7-B5F6FB0A49AD}.Release|x86.Build.0 = Release|Win32
		{69B42D7A-1D0B-4ED1-BD15-7D8A2D310851}.Debug|x64.ActiveCfg = Debug|x64
		{69B42D7A-1D0B-4ED1-BD15-7D8A2D310851}.Debug|x64.Build.0 = Debug|x64
		{69B42D7A-1D0B-4ED1-BD15-7D8A2D310851}.Debug|x86.ActiveCfg = Debug|Win32
		{69B42D7A-1D0B-4ED1-BD15-7D8A2D310851}.Debug|x86.Build.0 = Debug|Win32
		{69B42D7A-1D0B-4ED1-BD15-7D8A2D310851}.Release|x64.ActiveCfg = Release|x64
		{69B42D7A-1D0B-4ED1-BD15-7D8A2D310851}.Release|x64.Build.0 = Release|x64
		{69B42D7A-1D0B-4ED1-BD15-7D8A2D310851}.Release|x86.ActiveCfg = Release|Win32
		{69B42D7A-1D0B-4ED1-BD15-7D8A2D310851}.Release|x86.Build.0 = Release|Win32
		{6BE31F75-E9ED-4574-826C-A94661B66433}.Debug|x64.ActiveCfg = Debug|x64
		{6BE31F75-E9ED-4574-826C-A94661B66433}.Debug|x64.Build.0 = Debug|x64
		{6BE31F75-E9ED-4574-826C-A94661B66433}.Debug|x86.ActiveCfg = Debug|Win32
		{6BE31F75-E9ED-4574-826C-A94661B66433}.Debug|x86.Build.0 = Debug|Win32
		{6BE31F75-E9ED-4574-826C-A94661B66433}.Release|x64.ActiveCfg = Release|x64
		{6BE31F75-E9ED-4574-826C-A94661B66433}.Release|x64.Build.0 = Release|x64
		{6BE31F75-E9ED-4574-826C-A94661B66433}.Release|x86.ActiveCfg = Release|Win32
		{6BE31F75-E9ED-4574-826C-A94661B66433}.Release|x86.Build.0 = Release|Win32
		{B89EEBED-937C-4846-89EB-1ADE8E3FD0D3}.Debug|x64.ActiveCfg = Debug|x64
		{B89EEBED-937C-4846-89EB-1ADE8E3FD0D3}.Debug|x64.Build.0 = Debug|x64
		{B89EEBED-937C-4846-89EB-1ADE8E3FD0D3}.Debug|x86.ActiveCfg = Debug|Win32
		{B89EEBED-937C-4846-89EB-1ADE8E3FD0D3}.Debug|x86.Build.0 = Debug|Win32
		{B89EEBED-937C-4846-89EB-1ADE8E3FD0D3}.Release|x64.ActiveCfg = Release|x64
		{B89EEBED-937C-4846-89EB-1ADE8E3FD0D3}.Release|x64.Build.0 = Release|x64
		{B89EEBED-937C-4846-89EB-1ADE8E3FD0D3}.Release|x86.ActiveCfg = Release|Win32
		{B89EEBED-937C-4846-89EB-1ADE8E3FD0D3}.Release|x86.Build.0 = Release|Win32
		{02EC97A7-985E-4482-86B5-DB7C4AD88B78}.Debug|x64.ActiveCfg = Debug|x64
		{02EC97A7-985E-4482-86B5-DB7C4AD88B78}.Debug|x64.Build.0 = Debug|x64
		{02EC97A7-985E-4482-86B5-DB7C4AD88B78}.Debug|x86.ActiveCfg = Debug|Win32
		{02EC97A7-985E-4482-86B5-DB7C4AD88B78}.Debug|x86.Build.0 = Debug|Win32
		{02EC97A7-985E-4482-86B5-DB7C4AD88B78}.Release|x64.ActiveCfg = Release|x64
		{02EC97A7-985E-4482-86B5-DB7C4AD88B78}.Release|x64.Build.0 = Release|x64
		{02EC97A7-985E-4482-86B5-DB7C4AD88B78}.Release|x86.ActiveCfg = Release|Win32
		{02EC97A7-985E-4482-86B5-DB7C4AD88B78}.Release|x86.Build.0 = Release|Win32
		{C301259F-10A5-4513-9DCA-EFD2A7D07661}.Debug|x64.ActiveCfg = Debug|x64
		{C301259F-10A5-4513-9DCA-EFD2A7D07661}.Debug|x64.Build.0 = Debug|x64
		{C301259F-10A5-4513-9DCA-EFD2A7D07661}.Debug|x86.ActiveCfg = Debug|Win32
		{C301259F-10A5-4513-9DCA-EFD2A7D07661}.Debug|x86.Build.0 = Debug|Win32
		{C301259F-10A5-4513-9DCA-EFD2A7D07661}.Release|x64.ActiveCfg = Release|x64
		{C301259F-10A5-4513-9DCA-EFD2A7D07661}.Release|x64.Build.0 = Release|x64
		{C301259F-10A5-4513-9DCA-EFD2A7D07661}.Release|x86.ActiveCfg = Release|Win32
		{C301259F-10A5-4513-9DCA-EFD2A7D07661}.Release|x86.Build.0 = Release|Win32
	EndGlobalSection
	GlobalSection(SolutionProperties) = preSolution
		HideSolutionNode = FALSE
	EndGlobalSection
	GlobalSection(ExtensibilityGlobals) = postSolution
		SolutionGuid = {9365AE09-27E7-422F-BF23-D3BBD0DEDB0D}
	EndGlobalSection
EndGlobal
